
Microsoft Visual Studio Solution File, Format Version 12.00
# Visual Studio Version 16
VisualStudioVersion = 16.0.29709.97
MinimumVisualStudioVersion = 10.0.40219.1
Project("{FAE04EC0-301F-11D3-BF4B-00C04F79EFBC}") = "Project7", "WebApplication1\Project7.csproj", "{9B9CD9AE-8C3A-42A3-8EFA-705FFC754799}"
EndProject
Global
	GlobalSection(SolutionConfigurationPlatforms) = preSolution
		Debug|Any CPU = Debug|Any CPU
		Release|Any CPU = Release|Any CPU
	EndGlobalSection
	GlobalSection(ProjectConfigurationPlatforms) = postSolution
		{9B9CD9AE-8C3A-42A3-8EFA-705FFC754799}.Debug|Any CPU.ActiveCfg = Debug|Any CPU
		{9B9CD9AE-8C3A-42A3-8EFA-705FFC754799}.Debug|Any CPU.Build.0 = Debug|Any CPU
		{9B9CD9AE-8C3A-42A3-8EFA-705FFC754799}.Release|Any CPU.ActiveCfg = Release|Any CPU
		{9B9CD9AE-8C3A-42A3-8EFA-705FFC754799}.Release|Any CPU.Build.0 = Release|Any CPU
	EndGlobalSection
	GlobalSection(SolutionProperties) = preSolution
		HideSolutionNode = FALSE
	EndGlobalSection
	GlobalSection(ExtensibilityGlobals) = postSolution
		SolutionGuid = {4E952115-FA96-4C02-8002-40738DC0DF3F}
	EndGlobalSection
EndGlobal
